
Microsoft Visual Studio Solution File, Format Version 12.00
# Visual Studio Version 17
VisualStudioVersion = 17.6.33723.286
MinimumVisualStudioVersion = 10.0.40219.1
Project("{9A19103F-16F7-4668-BE54-9A1E7A4F7556}") = "OnlineShop", "OnlineShop\OnlineShop.csproj", "{311D753C-A62E-4186-90A5-CB505A854399}"
EndProject
Project("{9A19103F-16F7-4668-BE54-9A1E7A4F7556}") = "OnlineShop.Infrastructure", "OnlineShop.Infrastructure\OnlineShop.Infrastructure.csproj", "{BBAF038B-222E-44FA-A085-277D69C983F2}"
EndProject
Project("{9A19103F-16F7-4668-BE54-9A1E7A4F7556}") = "OnlineShop.Core", "OnlineShop.Core\OnlineShop.Core.csproj", "{F603B175-ED3A-4B20-944C-2257C044966D}"
EndProject
Project("{FAE04EC0-301F-11D3-BF4B-00C04F79EFBC}") = "OnlineShop.Tests", "OnlineShop.Tests\OnlineShop.Tests.csproj", "{D9BEC76C-1F74-43E3-A5BB-B7709F5BA7F4}"
EndProject
Global
	GlobalSection(SolutionConfigurationPlatforms) = preSolution
		Debug|Any CPU = Debug|Any CPU
		Release|Any CPU = Release|Any CPU
	EndGlobalSection
	GlobalSection(ProjectConfigurationPlatforms) = postSolution
		{311D753C-A62E-4186-90A5-CB505A854399}.Debug|Any CPU.ActiveCfg = Debug|Any CPU
		{311D753C-A62E-4186-90A5-CB505A854399}.Debug|Any CPU.Build.0 = Debug|Any CPU
		{311D753C-A62E-4186-90A5-CB505A854399}.Release|Any CPU.ActiveCfg = Release|Any CPU
		{311D753C-A62E-4186-90A5-CB505A854399}.Release|Any CPU.Build.0 = Release|Any CPU
		{BBAF038B-222E-44FA-A085-277D69C983F2}.Debug|Any CPU.ActiveCfg = Debug|Any CPU
		{BBAF038B-222E-44FA-A085-277D69C983F2}.Debug|Any CPU.Build.0 = Debug|Any CPU
		{BBAF038B-222E-44FA-A085-277D69C983F2}.Release|Any CPU.ActiveCfg = Release|Any CPU
		{BBAF038B-222E-44FA-A085-277D69C983F2}.Release|Any CPU.Build.0 = Release|Any CPU
		{F603B175-ED3A-4B20-944C-2257C044966D}.Debug|Any CPU.ActiveCfg = Debug|Any CPU
		{F603B175-ED3A-4B20-944C-2257C044966D}.Debug|Any CPU.Build.0 = Debug|Any CPU
		{F603B175-ED3A-4B20-944C-2257C044966D}.Release|Any CPU.ActiveCfg = Release|Any CPU
		{F603B175-ED3A-4B20-944C-2257C044966D}.Release|Any CPU.Build.0 = Release|Any CPU
		{D9BEC76C-1F74-43E3-A5BB-B7709F5BA7F4}.Debug|Any CPU.ActiveCfg = Debug|Any CPU
		{D9BEC76C-1F74-43E3-A5BB-B7709F5BA7F4}.Debug|Any CPU.Build.0 = Debug|Any CPU
		{D9BEC76C-1F74-43E3-A5BB-B7709F5BA7F4}.Release|Any CPU.ActiveCfg = Release|Any CPU
		{D9BEC76C-1F74-43E3-A5BB-B7709F5BA7F4}.Release|Any CPU.Build.0 = Release|Any CPU
	EndGlobalSection
	GlobalSection(SolutionProperties) = preSolution
		HideSolutionNode = FALSE
	EndGlobalSection
	GlobalSection(ExtensibilityGlobals) = postSolution
		SolutionGuid = {9C90D5A5-4C1D-40FE-BF29-857E58488B3A}
	EndGlobalSection
EndGlobal
